
Microsoft Visual Studio Solution File, Format Version 12.00
# Visual Studio Version 16
VisualStudioVersion = 16.0.30320.27
MinimumVisualStudioVersion = 10.0.40219.1
Project("{FAE04EC0-301F-11D3-BF4B-00C04F79EFBC}") = "AssesmentTestProject2", "AssesmentTestProject2\AssesmentTestProject2.csproj", "{3832E5ED-F3BD-4B46-BD30-8878DA2C6D4B}"
EndProject
Global
	GlobalSection(SolutionConfigurationPlatforms) = preSolution
		Debug|Any CPU = Debug|Any CPU
		Release|Any CPU = Release|Any CPU
	EndGlobalSection
	GlobalSection(ProjectConfigurationPlatforms) = postSolution
		{3832E5ED-F3BD-4B46-BD30-8878DA2C6D4B}.Debug|Any CPU.ActiveCfg = Debug|Any CPU
		{3832E5ED-F3BD-4B46-BD30-8878DA2C6D4B}.Debug|Any CPU.Build.0 = Debug|Any CPU
		{3832E5ED-F3BD-4B46-BD30-8878DA2C6D4B}.Release|Any CPU.ActiveCfg = Release|Any CPU
		{3832E5ED-F3BD-4B46-BD30-8878DA2C6D4B}.Release|Any CPU.Build.0 = Release|Any CPU
	EndGlobalSection
	GlobalSection(SolutionProperties) = preSolution
		HideSolutionNode = FALSE
	EndGlobalSection
	GlobalSection(ExtensibilityGlobals) = postSolution
		SolutionGuid = {0FE77A61-A311-4025-BA60-9698DC2BF9EC}
	EndGlobalSection
EndGlobal
